{
    "_readme": [
        "This file locks the dependencies of your project to a known state",
        "Read more about it at https://getcomposer.org/doc/01-basic-usage.md#installing-dependencies",
        "This file is @generated automatically"
    ],
    "content-hash": "4e24a484c7a5ef9f6187d6b0f668c2de",
    "packages": [
        {
            "name": "godruoyi/php-snowflake",
            "version": "dev-master",
            "source": {
                "type": "git",
                "url": "https://github.com/godruoyi/php-snowflake.git",
                "reference": "550e3af6c4b0725bcbd22641bc843d30fead45c9"
            },
            "dist": {
                "type": "zip",
                "url": "https://api.github.com/repos/godruoyi/php-snowflake/zipball/550e3af6c4b0725bcbd22641bc843d30fead45c9",
                "reference": "550e3af6c4b0725bcbd22641bc843d30fead45c9",
                "shasum": ""
            },
            "require-dev": {
                "phpunit/phpunit": "~7|^8|^9"
            },
            "default-branch": true,
            "type": "library",
            "autoload": {
                "psr-4": {
                    "Godruoyi\\Snowflake\\": "src"
                }
            },
            "notification-url": "https://packagist.org/downloads/",
            "license": [
                "MIT"
            ],
            "authors": [
                {
                    "name": "Godruoyi",
                    "email": "g@godruoyi.com"
                }
            ],
            "description": "An ID Generator for PHP based on Snowflake Algorithm (Twitter announced).",
            "homepage": "https://github.com/godruoyi/php-snowflake",
            "keywords": [
                "Unique ID",
                "laravel snowflake",
                "order id",
                "php snowflake",
                "php unique id",
                "snowflake algorithm",
                "unique order id"
            ],
            "support": {
                "issues": "https://github.com/godruoyi/php-snowflake/issues",
                "source": "https://github.com/godruoyi/php-snowflake/tree/master"
            },
            "funding": [
                {
                    "url": "https://images.godruoyi.com/wechat.png",
                    "type": "custom"
                }
            ],
            "time": "2022-08-26T09:20:04+00:00"
        }
    ],
    "packages-dev": [],
    "aliases": [],
    "minimum-stability": "dev",
    "stability-flags": {
        "godruoyi/php-snowflake": 20
    },
    "prefer-stable": false,
    "prefer-lowest": false,
    "platform": {
        "php": ">=7.3.4",
        "ext-json": "*",
        "ext-curl": "*",
        "ext-zlib": "*",
        "ext-openssl": "*"
    },
    "platform-dev": [],
    "plugin-api-version": "2.2.0"
}
